<?xml version="1.0" encoding="utf-8"?>
<Project ToolsVersion="4.0" xmlns="http://schemas.microsoft.com/developer/msbuild/2003">
  <ItemGroup>
    <Filter Include="源文件">
      <UniqueIdentifier>{4FC737F1-C7A5-4376-A066-2A32D752A2FF}</UniqueIdentifier>
      <Extensions>cpp;c;cc;cxx;c++;cppm;ixx;def;odl;idl;hpj;bat;asm;asmx</Extensions>
    </Filter>
    <Filter Include="头文件">
      <UniqueIdentifier>{93995380-89BD-4b04-88EB-625FBE52EBFB}</UniqueIdentifier>
      <Extensions>h;hh;hpp;hxx;h++;hm;inl;inc;ipp;xsd</Extensions>
    </Filter>
    <Filter Include="资源文件">
      <UniqueIdentifier>{67DA6AB6-F800-4c08-8B7A-83BB121AAD01}</UniqueIdentifier>
      <Extensions>rc;ico;cur;bmp;dlg;rc2;rct;bin;rgs;gif;jpg;jpeg;jpe;resx;tiff;tif;png;wav;mfcribbon-ms</Extensions>
    </Filter>
  </ItemGroup>
  <ItemGroup>
    <ClCompile Include="源.cpp">
      <Filter>源文件</Filter>
    </ClCompile>
    <ClCompile Include="StringToInteger.cpp">
      <Filter>源文件</Filter>
    </ClCompile>
    <ClCompile Include="PalindromeNumber.cpp">
      <Filter>源文件</Filter>
    </ClCompile>
    <ClCompile Include="RegularExpressionMatching_recursive.cpp">
      <Filter>源文件</Filter>
    </ClCompile>
    <ClCompile Include="RegularExpressionMatching_DP.cpp">
      <Filter>源文件</Filter>
    </ClCompile>
    <ClCompile Include="TwoSum_Exhaustive.cpp">
      <Filter>源文件</Filter>
    </ClCompile>
    <ClCompile Include="TwoSum_HashMap.cpp">
      <Filter>源文件</Filter>
    </ClCompile>
    <ClCompile Include="AddTwoNumbers.cpp">
      <Filter>源文件</Filter>
    </ClCompile>
    <ClCompile Include="LongestSubstring.cpp">
      <Filter>源文件</Filter>
    </ClCompile>
    <ClCompile Include="Median2SortedArrays.cpp">
      <Filter>源文件</Filter>
    </ClCompile>
    <ClCompile Include="LongestPalindromicSubstring_DP.cpp">
      <Filter>源文件</Filter>
    </ClCompile>
    <ClCompile Include="LongestPalindromicSubstring_Manach.cpp">
      <Filter>源文件</Filter>
    </ClCompile>
    <ClCompile Include="ZigzagConversion.cpp">
      <Filter>源文件</Filter>
    </ClCompile>
    <ClCompile Include="ReverseInteger.cpp">
      <Filter>源文件</Filter>
    </ClCompile>
    <ClCompile Include="BinarySearch.cpp">
      <Filter>源文件</Filter>
    </ClCompile>
    <ClCompile Include="SearchInsertPosition.cpp">
      <Filter>源文件</Filter>
    </ClCompile>
    <ClCompile Include="FindFirstLastPosition.cpp">
      <Filter>源文件</Filter>
    </ClCompile>
    <ClCompile Include="SqrtX.cpp">
      <Filter>源文件</Filter>
    </ClCompile>
    <ClCompile Include="ValidPerfectSquare.cpp">
      <Filter>源文件</Filter>
    </ClCompile>
    <ClCompile Include="RemoveElement.cpp">
      <Filter>源文件</Filter>
    </ClCompile>
    <ClCompile Include="RemoveSortedArr.cpp">
      <Filter>源文件</Filter>
    </ClCompile>
    <ClCompile Include="test.cpp">
      <Filter>源文件</Filter>
    </ClCompile>
    <ClCompile Include="ContainerWithMostWater.cpp">
      <Filter>源文件</Filter>
    </ClCompile>
    <ClCompile Include="three3Sum.cpp">
      <Filter>源文件</Filter>
    </ClCompile>
    <ClCompile Include="LetterCombinationsPhoneNum.cpp">
      <Filter>源文件</Filter>
    </ClCompile>
    <ClCompile Include="RemoveNthNode.cpp">
      <Filter>源文件</Filter>
    </ClCompile>
    <ClCompile Include="ValidParentheses.cpp">
      <Filter>源文件</Filter>
    </ClCompile>
    <ClCompile Include="Merge2SortedLists.cpp">
      <Filter>源文件</Filter>
    </ClCompile>
    <ClCompile Include="GenerateParentheses.cpp">
      <Filter>源文件</Filter>
    </ClCompile>
    <ClCompile Include="MergekSortedLists.cpp">
      <Filter>源文件</Filter>
    </ClCompile>
    <ClCompile Include="NextPermutation.cpp">
      <Filter>源文件</Filter>
    </ClCompile>
    <ClCompile Include="LongestValidParentheses.cpp">
      <Filter>源文件</Filter>
    </ClCompile>
    <ClCompile Include="SearchinRotatedSortedArray.cpp">
      <Filter>源文件</Filter>
    </ClCompile>
    <ClCompile Include="CombinationSum.cpp">
      <Filter>源文件</Filter>
    </ClCompile>
    <ClCompile Include="TrappingRainWater.cpp">
      <Filter>源文件</Filter>
    </ClCompile>
    <ClCompile Include="Permutations.cpp">
      <Filter>源文件</Filter>
    </ClCompile>
    <ClCompile Include="RotateImage.cpp">
      <Filter>源文件</Filter>
    </ClCompile>
    <ClCompile Include="GroupAnagrams.cpp">
      <Filter>源文件</Filter>
    </ClCompile>
    <ClCompile Include="JumpGame.cpp">
      <Filter>源文件</Filter>
    </ClCompile>
    <ClCompile Include="MaximumSubarray.cpp">
      <Filter>源文件</Filter>
    </ClCompile>
    <ClCompile Include="MergeIntervals.cpp">
      <Filter>源文件</Filter>
    </ClCompile>
    <ClCompile Include="UniquePaths.cpp">
      <Filter>源文件</Filter>
    </ClCompile>
    <ClCompile Include="MinimumPathSum.cpp">
      <Filter>源文件</Filter>
    </ClCompile>
    <ClCompile Include="ClimbingStairs.cpp">
      <Filter>源文件</Filter>
    </ClCompile>
    <ClCompile Include="EditDistance.cpp">
      <Filter>源文件</Filter>
    </ClCompile>
    <ClCompile Include="SortColors.cpp">
      <Filter>源文件</Filter>
    </ClCompile>
    <ClCompile Include="MinimumWindowSubstring.cpp">
      <Filter>源文件</Filter>
    </ClCompile>
    <ClCompile Include="Subsets.cpp">
      <Filter>源文件</Filter>
    </ClCompile>
    <ClCompile Include="WordSearch.cpp">
      <Filter>源文件</Filter>
    </ClCompile>
    <ClCompile Include="LargestRectangleinHistogram.cpp">
      <Filter>源文件</Filter>
    </ClCompile>
    <ClCompile Include="MaximalRectangle.cpp">
      <Filter>源文件</Filter>
    </ClCompile>
    <ClCompile Include="UniqueBinarySearchTrees.cpp">
      <Filter>源文件</Filter>
    </ClCompile>
    <ClCompile Include="BinaryTreeInorderTraversal.cpp">
      <Filter>源文件</Filter>
    </ClCompile>
    <ClCompile Include="ValidateBinarySearchTree.cpp">
      <Filter>源文件</Filter>
    </ClCompile>
    <ClCompile Include="SymmetricTree.cpp">
      <Filter>源文件</Filter>
    </ClCompile>
    <ClCompile Include="BinaryTreeLevelOrderTraversal.cpp">
      <Filter>源文件</Filter>
    </ClCompile>
    <ClCompile Include="MaximumDepthofBinaryTree.cpp">
      <Filter>源文件</Filter>
    </ClCompile>
    <ClCompile Include="ConstructBinaryTreefromPreorderandInorderTraversal.cpp">
      <Filter>源文件</Filter>
    </ClCompile>
    <ClCompile Include="FlattenBinaryTreetoLinkedList.cpp">
      <Filter>源文件</Filter>
    </ClCompile>
    <ClCompile Include="BestTimetoBuyandSellStock.cpp">
      <Filter>源文件</Filter>
    </ClCompile>
    <ClCompile Include="LongestConsecutiveSequence.cpp">
      <Filter>源文件</Filter>
    </ClCompile>
    <ClCompile Include="SingleNumber.cpp">
      <Filter>源文件</Filter>
    </ClCompile>
    <ClCompile Include="LinkedListCycle.cpp">
      <Filter>源文件</Filter>
    </ClCompile>
    <ClCompile Include="WordBreak.cpp">
      <Filter>源文件</Filter>
    </ClCompile>
    <ClCompile Include="LRUCache.cpp">
      <Filter>源文件</Filter>
    </ClCompile>
    <ClCompile Include="SortList.cpp">
      <Filter>源文件</Filter>
    </ClCompile>
    <ClCompile Include="MaximumProductSubarrays.cpp">
      <Filter>源文件</Filter>
    </ClCompile>
    <ClCompile Include="BinaryTreeMaximumPathSum.cpp">
      <Filter>源文件</Filter>
    </ClCompile>
    <ClCompile Include="MinStack.cpp">
      <Filter>源文件</Filter>
    </ClCompile>
    <ClCompile Include="IntersectionofTwoLinkedLists.cpp">
      <Filter>源文件</Filter>
    </ClCompile>
    <ClCompile Include="MajorityElement.cpp">
      <Filter>源文件</Filter>
    </ClCompile>
    <ClCompile Include="HouseRobber.cpp">
      <Filter>源文件</Filter>
    </ClCompile>
  </ItemGroup>
  <ItemGroup>
    <ClInclude Include="StringToInteger.h">
      <Filter>头文件</Filter>
    </ClInclude>
    <ClInclude Include="PalindromeNumber.h">
      <Filter>头文件</Filter>
    </ClInclude>
    <ClInclude Include="RegularExpressionMatching_recursive.h">
      <Filter>头文件</Filter>
    </ClInclude>
    <ClInclude Include="RegularExpressionMatching_DP.h">
      <Filter>头文件</Filter>
    </ClInclude>
    <ClInclude Include="TwoSum_Exhaustive.h">
      <Filter>头文件</Filter>
    </ClInclude>
    <ClInclude Include="TwoSum_HashMap.h">
      <Filter>头文件</Filter>
    </ClInclude>
    <ClInclude Include="AddTwoNumbers.h">
      <Filter>头文件</Filter>
    </ClInclude>
    <ClInclude Include="LongestSubstring.h">
      <Filter>头文件</Filter>
    </ClInclude>
    <ClInclude Include="Median2SortedArrays.h">
      <Filter>头文件</Filter>
    </ClInclude>
    <ClInclude Include="LongestPalindromicSubstring_DP.h">
      <Filter>头文件</Filter>
    </ClInclude>
    <ClInclude Include="LongestPalindromicSubstring_Manach.h">
      <Filter>头文件</Filter>
    </ClInclude>
    <ClInclude Include="ZigzagConversion.h">
      <Filter>头文件</Filter>
    </ClInclude>
    <ClInclude Include="ReverseInteger.h">
      <Filter>头文件</Filter>
    </ClInclude>
    <ClInclude Include="BinarySearch.h">
      <Filter>头文件</Filter>
    </ClInclude>
    <ClInclude Include="SearchInsertPosition.h">
      <Filter>头文件</Filter>
    </ClInclude>
    <ClInclude Include="header.h">
      <Filter>头文件</Filter>
    </ClInclude>
    <ClInclude Include="FindFirstLastPosition.h">
      <Filter>头文件</Filter>
    </ClInclude>
    <ClInclude Include="SqrtX.h">
      <Filter>头文件</Filter>
    </ClInclude>
    <ClInclude Include="ValidPerfectSquare.h">
      <Filter>头文件</Filter>
    </ClInclude>
    <ClInclude Include="RemoveElement.h">
      <Filter>头文件</Filter>
    </ClInclude>
    <ClInclude Include="RemoveSortedArr.h">
      <Filter>头文件</Filter>
    </ClInclude>
    <ClInclude Include="test.h">
      <Filter>头文件</Filter>
    </ClInclude>
    <ClInclude Include="ContainerWithMostWater.h">
      <Filter>头文件</Filter>
    </ClInclude>
    <ClInclude Include="three3Sum.h">
      <Filter>头文件</Filter>
    </ClInclude>
    <ClInclude Include="LetterCombinationsPhoneNum.h">
      <Filter>头文件</Filter>
    </ClInclude>
    <ClInclude Include="RemoveNthNode.h">
      <Filter>头文件</Filter>
    </ClInclude>
    <ClInclude Include="ValidParentheses.h">
      <Filter>头文件</Filter>
    </ClInclude>
    <ClInclude Include="Merge2SortedLists.h">
      <Filter>头文件</Filter>
    </ClInclude>
    <ClInclude Include="GenerateParentheses.h">
      <Filter>头文件</Filter>
    </ClInclude>
    <ClInclude Include="MergekSortedLists.h">
      <Filter>头文件</Filter>
    </ClInclude>
    <ClInclude Include="NextPermutation.h">
      <Filter>头文件</Filter>
    </ClInclude>
    <ClInclude Include="LongestValidParentheses.h">
      <Filter>头文件</Filter>
    </ClInclude>
    <ClInclude Include="SearchinRotatedSortedArray.h">
      <Filter>头文件</Filter>
    </ClInclude>
    <ClInclude Include="CombinationSum.h">
      <Filter>头文件</Filter>
    </ClInclude>
    <ClInclude Include="TrappingRainWater.h">
      <Filter>头文件</Filter>
    </ClInclude>
    <ClInclude Include="resource.h">
      <Filter>头文件</Filter>
    </ClInclude>
    <ClInclude Include="Permutations.h">
      <Filter>头文件</Filter>
    </ClInclude>
    <ClInclude Include="RotateImage.h">
      <Filter>头文件</Filter>
    </ClInclude>
    <ClInclude Include="GroupAnagrams.h">
      <Filter>头文件</Filter>
    </ClInclude>
    <ClInclude Include="JumpGame.h">
      <Filter>头文件</Filter>
    </ClInclude>
    <ClInclude Include="MaximumSubarray.h">
      <Filter>头文件</Filter>
    </ClInclude>
    <ClInclude Include="MergeIntervals.h">
      <Filter>头文件</Filter>
    </ClInclude>
    <ClInclude Include="UniquePaths.h">
      <Filter>头文件</Filter>
    </ClInclude>
    <ClInclude Include="MinimumPathSum.h">
      <Filter>头文件</Filter>
    </ClInclude>
    <ClInclude Include="ClimbingStairs.h">
      <Filter>头文件</Filter>
    </ClInclude>
    <ClInclude Include="EditDistance.h">
      <Filter>头文件</Filter>
    </ClInclude>
    <ClInclude Include="SortColors.h">
      <Filter>头文件</Filter>
    </ClInclude>
    <ClInclude Include="MinimumWindowSubstring.h">
      <Filter>头文件</Filter>
    </ClInclude>
    <ClInclude Include="Subsets.h">
      <Filter>头文件</Filter>
    </ClInclude>
    <ClInclude Include="WordSearch.h">
      <Filter>头文件</Filter>
    </ClInclude>
    <ClInclude Include="LargestRectangleinHistogram.h">
      <Filter>头文件</Filter>
    </ClInclude>
    <ClInclude Include="MaximalRectangle.h">
      <Filter>头文件</Filter>
    </ClInclude>
    <ClInclude Include="UniqueBinarySearchTrees.h">
      <Filter>头文件</Filter>
    </ClInclude>
    <ClInclude Include="BinaryTreeInorderTraversal.h">
      <Filter>头文件</Filter>
    </ClInclude>
    <ClInclude Include="ValidateBinarySearchTree.h">
      <Filter>头文件</Filter>
    </ClInclude>
    <ClInclude Include="SymmetricTree.h">
      <Filter>头文件</Filter>
    </ClInclude>
    <ClInclude Include="BinaryTreeLevelOrderTraversal.h">
      <Filter>头文件</Filter>
    </ClInclude>
    <ClInclude Include="MaximumDepthofBinaryTree.h">
      <Filter>头文件</Filter>
    </ClInclude>
    <ClInclude Include="ConstructBinaryTreefromPreorderandInorderTraversal.h">
      <Filter>头文件</Filter>
    </ClInclude>
    <ClInclude Include="FlattenBinaryTreetoLinkedList.h">
      <Filter>头文件</Filter>
    </ClInclude>
    <ClInclude Include="BestTimetoBuyandSellStock.h">
      <Filter>头文件</Filter>
    </ClInclude>
    <ClInclude Include="LongestConsecutiveSequence.h">
      <Filter>头文件</Filter>
    </ClInclude>
    <ClInclude Include="SingleNumber.h">
      <Filter>头文件</Filter>
    </ClInclude>
    <ClInclude Include="LinkedListCycle.h">
      <Filter>头文件</Filter>
    </ClInclude>
    <ClInclude Include="WordBreak.h">
      <Filter>头文件</Filter>
    </ClInclude>
    <ClInclude Include="LRUCache.h">
      <Filter>头文件</Filter>
    </ClInclude>
    <ClInclude Include="SortList.h">
      <Filter>头文件</Filter>
    </ClInclude>
    <ClInclude Include="MaximumProductSubarrays.h">
      <Filter>头文件</Filter>
    </ClInclude>
    <ClInclude Include="BinaryTreeMaximumPathSum.h">
      <Filter>头文件</Filter>
    </ClInclude>
    <ClInclude Include="MinStack.h">
      <Filter>头文件</Filter>
    </ClInclude>
    <ClInclude Include="IntersectionofTwoLinkedLists.h">
      <Filter>头文件</Filter>
    </ClInclude>
    <ClInclude Include="MajorityElement.h">
      <Filter>头文件</Filter>
    </ClInclude>
    <ClInclude Include="HouseRobber.h">
      <Filter>头文件</Filter>
    </ClInclude>
  </ItemGroup>
  <ItemGroup>
    <ResourceCompile Include="myLeetCodeCPP.rc">
      <Filter>资源文件</Filter>
    </ResourceCompile>
  </ItemGroup>
</Project>